
Microsoft Visual Studio Solution File, Format Version 12.00
# Visual Studio 15
VisualStudioVersion = 15.0.28307.1433
MinimumVisualStudioVersion = 10.0.40219.1
Project("{888888A0-9F3D-457C-B088-3A5042F75D52}") = "DjangoWebProject1", "DjangoWebProject1\DjangoWebProject1.pyproj", "{771A7BDF-84C5-4A20-B646-E3F633C99B2B}"
EndProject
Global
	GlobalSection(SolutionConfigurationPlatforms) = preSolution
		Debug|Any CPU = Debug|Any CPU
		Release|Any CPU = Release|Any CPU
	EndGlobalSection
	GlobalSection(ProjectConfigurationPlatforms) = postSolution
		{771A7BDF-84C5-4A20-B646-E3F633C99B2B}.Debug|Any CPU.ActiveCfg = Debug|Any CPU
		{771A7BDF-84C5-4A20-B646-E3F633C99B2B}.Debug|Any CPU.Build.0 = Debug|Any CPU
		{771A7BDF-84C5-4A20-B646-E3F633C99B2B}.Release|Any CPU.ActiveCfg = Release|Any CPU
		{771A7BDF-84C5-4A20-B646-E3F633C99B2B}.Release|Any CPU.Build.0 = Release|Any CPU
	EndGlobalSection
	GlobalSection(SolutionProperties) = preSolution
		HideSolutionNode = FALSE
	EndGlobalSection
	GlobalSection(ExtensibilityGlobals) = postSolution
		SolutionGuid = {C1E1FE18-8E42-47D5-AC20-45B94284A310}
	EndGlobalSection
EndGlobal
